
Microsoft Visual Studio Solution File, Format Version 12.00
# Visual Studio 15
Project("{FAE04EC0-301F-11D3-BF4B-00C04F79EFBC}") = "Assembly-CSharp", "Assembly-CSharp.csproj", "{42FF3FEE-C4F0-E167-697E-D7AE59725B2C}"
EndProject
Project("{FAE04EC0-301F-11D3-BF4B-00C04F79EFBC}") = "Assembly-CSharp-Editor-firstpass", "Assembly-CSharp-Editor-firstpass.csproj", "{D1ED8A9D-2C8E-9BC3-9D91-943095EB6367}"
EndProject
Global
	GlobalSection(SolutionConfigurationPlatforms) = preSolution
		Debug|Any CPU = Debug|Any CPU
		Release|Any CPU = Release|Any CPU
	EndGlobalSection
	GlobalSection(ProjectConfigurationPlatforms) = postSolution
		{42FF3FEE-C4F0-E167-697E-D7AE59725B2C}.Debug|Any CPU.ActiveCfg = Debug|Any CPU
		{42FF3FEE-C4F0-E167-697E-D7AE59725B2C}.Debug|Any CPU.Build.0 = Debug|Any CPU
		{42FF3FEE-C4F0-E167-697E-D7AE59725B2C}.Release|Any CPU.ActiveCfg = Release|Any CPU
		{42FF3FEE-C4F0-E167-697E-D7AE59725B2C}.Release|Any CPU.Build.0 = Release|Any CPU
		{D1ED8A9D-2C8E-9BC3-9D91-943095EB6367}.Debug|Any CPU.ActiveCfg = Debug|Any CPU
		{D1ED8A9D-2C8E-9BC3-9D91-943095EB6367}.Debug|Any CPU.Build.0 = Debug|Any CPU
		{D1ED8A9D-2C8E-9BC3-9D91-943095EB6367}.Release|Any CPU.ActiveCfg = Release|Any CPU
		{D1ED8A9D-2C8E-9BC3-9D91-943095EB6367}.Release|Any CPU.Build.0 = Release|Any CPU
	EndGlobalSection
	GlobalSection(SolutionProperties) = preSolution
		HideSolutionNode = FALSE
	EndGlobalSection
EndGlobal
